{
  "requires": true,
  "lockfileVersion": 1,
  "dependencies": {
    "v-click-outside": {
      "version": "2.0.2",
      "resolved": "https://registry.npmjs.org/v-click-outside/-/v-click-outside-2.0.2.tgz",
      "integrity": "sha512-4dDekJloLi7WbVUM6IC/Gdv8qYaE+a2LY3sLUkzJc2WBf92kL0VPHGCTxVkTzZjHLVdkcjX0haiLXofrhZfHXA=="
    },
    "vue-simple-context-menu": {
      "version": "3.1.0",
      "resolved": "https://registry.npmjs.org/vue-simple-context-menu/-/vue-simple-context-menu-3.1.0.tgz",
      "integrity": "sha512-L2fDbs4y6auCBbI5uR+qc2gDxqXYM/elvsHztVE0zxn/Zng2knrXvGK/JcSGbFsRmfPDTx7TQFWgnxK3DyMo1Q==",
      "requires": {
        "v-click-outside": "2.0.2"
      }
    }
  }
}
